// !$*UTF8*$!
{
	archiveVersion = 1;
	classes = {
	};
	objectVersion = 46;
	objects = {

/* Begin PBXBuildFile section */
		C15A69C51FADF93800902A77 /* AppDelegate.swift in Sources */ = {isa = PBXBuildFile; fileRef = C15A69C41FADF93800902A77 /* AppDelegate.swift */; };
		C15A69C71FADF93900902A77 /* FirstViewController.swift in Sources */ = {isa = PBXBuildFile; fileRef = C15A69C61FADF93900902A77 /* FirstViewController.swift */; };
		C15A69C91FADF93900902A77 /* SecondViewController.swift in Sources */ = {isa = PBXBuildFile; fileRef = C15A69C81FADF93900902A77 /* SecondViewController.swift */; };
		C15A69CC1FADF93900902A77 /* Main.storyboard in Resources */ = {isa = PBXBuildFile; fileRef = C15A69CA1FADF93900902A77 /* Main.storyboard */; };
		C15A69CE1FADF93900902A77 /* Assets.xcassets in Resources */ = {isa = PBXBuildFile; fileRef = C15A69CD1FADF93900902A77 /* Assets.xcassets */; };
		C15A69D11FADF93900902A77 /* LaunchScreen.storyboard in Resources */ = {isa = PBXBuildFile; fileRef = C15A69CF1FADF93900902A77 /* LaunchScreen.storyboard */; };
/* End PBXBuildFile section */

/* Begin PBXFileReference section */
		C15A69C11FADF93800902A77 /* Programmer.app */ = {isa = PBXFileReference; explicitFileType = wrapper.application; includeInIndex = 0; path = Programmer.app; sourceTree = BUILT_PRODUCTS_DIR; };
		C15A69C41FADF93800902A77 /* AppDelegate.swift */ = {isa = PBXFileReference; lastKnownFileType = sourcecode.swift; path = AppDelegate.swift; sourceTree = "<group>"; };
		C15A69C61FADF93900902A77 /* FirstViewController.swift */ = {isa = PBXFileReference; lastKnownFileType = sourcecode.swift; path = FirstViewController.swift; sourceTree = "<group>"; };
		C15A69C81FADF93900902A77 /* SecondViewController.swift */ = {isa = PBXFileReference; lastKnownFileType = sourcecode.swift; path = SecondViewController.swift; sourceTree = "<group>"; };
		C15A69CB1FADF93900902A77 /* Base */ = {isa = PBXFileReference; lastKnownFileType = file.storyboard; name = Base; path = Base.lproj/Main.storyboard; sourceTree = "<group>"; };
		C15A69CD1FADF93900902A77 /* Assets.xcassets */ = {isa = PBXFileReference; lastKnownFileType = folder.assetcatalog; path = Assets.xcassets; sourceTree = "<group>"; };
		C15A69D01FADF93900902A77 /* Base */ = {isa = PBXFileReference; lastKnownFileType = file.storyboard; name = Base; path = Base.lproj/LaunchScreen.storyboard; sourceTree = "<group>"; };
		C15A69D21FADF93900902A77 /* Info.plist */ = {isa = PBXFileReference; lastKnownFileType = text.plist.xml; path = Info.plist; sourceTree = "<group>"; };
/* End PBXFileReference section */

/* Begin PBXFrameworksBuildPhase section */
		C15A69BE1FADF93800902A77 /* Frameworks */ = {
			isa = PBXFrameworksBuildPhase;
			buildActionMask = 2147483647;
			files = (
			);
			runOnlyForDeploymentPostprocessing = 0;
		};
/* End PBXFrameworksBuildPhase section */

/* Begin PBXGroup section */
		C15A69B81FADF93500902A77 = {
			isa = PBXGroup;
			children = (
				C15A69C31FADF93800902A77 /* Programmer */,
				C15A69C21FADF93800902A77 /* Products */,
			);
			sourceTree = "<group>";
		};
		C15A69C21FADF93800902A77 /* Products */ = {
			isa = PBXGroup;
			children = (
				C15A69C11FADF93800902A77 /* Programmer.app */,
			);
			name = Products;
			sourceTree = "<group>";
		};
		C15A69C31FADF93800902A77 /* Programmer */ = {
			isa = PBXGroup;
			children = (
				C15A69DC1FADFA3300902A77 /* Services */,
				C15A69DB1FADF9FC00902A77 /* Extensions */,
				C15A69DA1FADF9CF00902A77 /* Model */,
				C15A69D91FADF9C800902A77 /* View */,
				C15A69D81FADF9B400902A77 /* Controller */,
				C15A69C41FADF93800902A77 /* AppDelegate.swift */,
				C15A69CA1FADF93900902A77 /* Main.storyboard */,
				C15A69CD1FADF93900902A77 /* Assets.xcassets */,
				C15A69CF1FADF93900902A77 /* LaunchScreen.storyboard */,
				C15A69D21FADF93900902A77 /* Info.plist */,
			);
			path = Programmer;
			sourceTree = "<group>";
		};
		C15A69D81FADF9B400902A77 /* Controller */ = {
			isa = PBXGroup;
			children = (
				C15A69C61FADF93900902A77 /* FirstViewController.swift */,
				C15A69C81FADF93900902A77 /* SecondViewController.swift */,
			);
			name = Controller;
			sourceTree = "<group>";
		};
		C15A69D91FADF9C800902A77 /* View */ = {
			isa = PBXGroup;
			children = (
			);
			name = View;
			sourceTree = "<group>";
		};
		C15A69DA1FADF9CF00902A77 /* Model */ = {
			isa = PBXGroup;
			children = (
			);
			name = Model;
			sourceTree = "<group>";
		};
		C15A69DB1FADF9FC00902A77 /* Extensions */ = {
			isa = PBXGroup;
			children = (
			);
			name = Extensions;
			sourceTree = "<group>";
		};
		C15A69DC1FADFA3300902A77 /* Services */ = {
			isa = PBXGroup;
			children = (
			);
			name = Services;
			sourceTree = "<group>";
		};
/* End PBXGroup section */

/* Begin PBXNativeTarget section */
		C15A69C01FADF93800902A77 /* Programmer */ = {
			isa = PBXNativeTarget;
			buildConfigurationList = C15A69D51FADF93A00902A77 /* Build configuration list for PBXNativeTarget "Programmer" */;
			buildPhases = (
				C15A69BD1FADF93800902A77 /* Sources */,
				C15A69BE1FADF93800902A77 /* Frameworks */,
				C15A69BF1FADF93800902A77 /* Resources */,
			);
			buildRules = (
			);
			dependencies = (
			);
			name = Programmer;
			productName = Programmer;
			productReference = C15A69C11FADF93800902A77 /* Programmer.app */;
			productType = "com.apple.product-type.application";
		};
/* End PBXNativeTarget section */

/* Begin PBXProject section */
		C15A69B91FADF93600902A77 /* Project object */ = {
			isa = PBXProject;
			attributes = {
				LastSwiftUpdateCheck = 0820;
				LastUpgradeCheck = 0820;
				ORGANIZATIONNAME = "Ekramul hoque";
				TargetAttributes = {
					C15A69C01FADF93800902A77 = {
						CreatedOnToolsVersion = 8.2;
						ProvisioningStyle = Automatic;
					};
				};
			};
			buildConfigurationList = C15A69BC1FADF93700902A77 /* Build configuration list for PBXProject "Programmer" */;
			compatibilityVersion = "Xcode 3.2";
			developmentRegion = English;
			hasScannedForEncodings = 0;
			knownRegions = (
				en,
				Base,
			);
			mainGroup = C15A69B81FADF93500902A77;
			productRefGroup = C15A69C21FADF93800902A77 /* Products */;
			projectDirPath = "";
			projectRoot = "";
			targets = (
				C15A69C01FADF93800902A77 /* Programmer */,
			);
		};
/* End PBXProject section */

/* Begin PBXResourcesBuildPhase section */
		C15A69BF1FADF93800902A77 /* Resources */ = {
			isa = PBXResourcesBuildPhase;
			buildActionMask = 2147483647;
			files = (
				C15A69D11FADF93900902A77 /* LaunchScreen.storyboard in Resources */,
				C15A69CE1FADF93900902A77 /* Assets.xcassets in Resources */,
				C15A69CC1FADF93900902A77 /* Main.storyboard in Resources */,
			);
			runOnlyForDeploymentPostprocessing = 0;
		};
/* End PBXResourcesBuildPhase section */

/* Begin PBXSourcesBuildPhase section */
		C15A69BD1FADF93800902A77 /* Sources */ = {
			isa = PBXSourcesBuildPhase;
			buildActionMask = 2147483647;
			files = (
				C15A69C91FADF93900902A77 /* SecondViewController.swift in Sources */,
				C15A69C51FADF93800902A77 /* AppDelegate.swift in Sources */,
				C15A69C71FADF93900902A77 /* FirstViewController.swift in Sources */,
			);
			runOnlyForDeploymentPostprocessing = 0;
		};
/* End PBXSourcesBuildPhase section */

/* Begin PBXVariantGroup section */
		C15A69CA1FADF93900902A77 /* Main.storyboard */ = {
			isa = PBXVariantGroup;
			children = (
				C15A69CB1FADF93900902A77 /* Base */,
			);
			name = Main.storyboard;
			sourceTree = "<group>";
		};
		C15A69CF1FADF93900902A77 /* LaunchScreen.storyboard */ = {
			isa = PBXVariantGroup;
			children = (
				C15A69D01FADF93900902A77 /* Base */,
			);
			name = LaunchScreen.storyboard;
			sourceTree = "<group>";
		};
/* End PBXVariantGroup section */

/* Begin XCBuildConfiguration section */
		C15A69D31FADF93900902A77 /* Debug */ = {
			isa = XCBuildConfiguration;
			buildSettings = {
				ALWAYS_SEARCH_USER_PATHS = NO;
				CLANG_ANALYZER_NONNULL = YES;
				CLANG_CXX_LANGUAGE_STANDARD = "gnu++0x";
				CLANG_CXX_LIBRARY = "libc++";
				CLANG_ENABLE_MODULES = YES;
				CLANG_ENABLE_OBJC_ARC = YES;
				CLANG_WARN_BOOL_CONVERSION = YES;
				CLANG_WARN_CONSTANT_CONVERSION = YES;
				CLANG_WARN_DIRECT_OBJC_ISA_USAGE = YES_ERROR;
				CLANG_WARN_DOCUMENTATION_COMMENTS = YES;
				CLANG_WARN_EMPTY_BODY = YES;
				CLANG_WARN_ENUM_CONVERSION = YES;
				CLANG_WARN_INFINITE_RECURSION = YES;
				CLANG_WARN_INT_CONVERSION = YES;
				CLANG_WARN_OBJC_ROOT_CLASS = YES_ERROR;
				CLANG_WARN_SUSPICIOUS_MOVE = YES;
				CLANG_WARN_UNREACHABLE_CODE = YES;
				CLANG_WARN__DUPLICATE_METHOD_MATCH = YES;
				"CODE_SIGN_IDENTITY[sdk=iphoneos*]" = "iPhone Developer";
				COPY_PHASE_STRIP = NO;
				DEBUG_INFORMATION_FORMAT = dwarf;
				ENABLE_STRICT_OBJC_MSGSEND = YES;
				ENABLE_TESTABILITY = YES;
				GCC_C_LANGUAGE_STANDARD = gnu99;
				GCC_DYNAMIC_NO_PIC = NO;
				GCC_NO_COMMON_BLOCKS = YES;
				GCC_OPTIMIZATION_LEVEL = 0;
				GCC_PREPROCESSOR_DEFINITIONS = (
					"DEBUG=1",
					"$(inherited)",
				);
				GCC_WARN_64_TO_32_BIT_CONVERSION = YES;
				GCC_WARN_ABOUT_RETURN_TYPE = YES_ERROR;
				GCC_WARN_UNDECLARED_SELECTOR = YES;
				GCC_WARN_UNINITIALIZED_AUTOS = YES_AGGRESSIVE;
				GCC_WARN_UNUSED_FUNCTION = YES;
				GCC_WARN_UNUSED_VARIABLE = YES;
				IPHONEOS_DEPLOYMENT_TARGET = 10.2;
				MTL_ENABLE_DEBUG_INFO = YES;
				ONLY_ACTIVE_ARCH = YES;
				SDKROOT = iphoneos;
				SWIFT_ACTIVE_COMPILATION_CONDITIONS = DEBUG;
				SWIFT_OPTIMIZATION_LEVEL = "-Onone";
				TARGETED_DEVICE_FAMILY = "1,2";
			};
			name = Debug;
		};
		C15A69D41FADF93900902A77 /* Release */ = {
			isa = XCBuildConfiguration;
			buildSettings = {
				ALWAYS_SEARCH_USER_PATHS = NO;
				CLANG_ANALYZER_NONNULL = YES;
				CLANG_CXX_LANGUAGE_STANDARD = "gnu++0x";
				CLANG_CXX_LIBRARY = "libc++";
				CLANG_ENABLE_MODULES = YES;
				CLANG_ENABLE_OBJC_ARC = YES;
				CLANG_WARN_BOOL_CONVERSION = YES;
				CLANG_WARN_CONSTANT_CONVERSION = YES;
				CLANG_WARN_DIRECT_OBJC_ISA_USAGE = YES_ERROR;
				CLANG_WARN_DOCUMENTATION_COMMENTS = YES;
				CLANG_WARN_EMPTY_BODY = YES;
				CLANG_WARN_ENUM_CONVERSION = YES;
				CLANG_WARN_INFINITE_RECURSION = YES;
				CLANG_WARN_INT_CONVERSION = YES;
				CLANG_WARN_OBJC_ROOT_CLASS = YES_ERROR;
				CLANG_WARN_SUSPICIOUS_MOVE = YES;
				CLANG_WARN_UNREACHABLE_CODE = YES;
				CLANG_WARN__DUPLICATE_METHOD_MATCH = YES;
				"CODE_SIGN_IDENTITY[sdk=iphoneos*]" = "iPhone Developer";
				COPY_PHASE_STRIP = NO;
				DEBUG_INFORMATION_FORMAT = "dwarf-with-dsym";
				ENABLE_NS_ASSERTIONS = NO;
				ENABLE_STRICT_OBJC_MSGSEND = YES;
				GCC_C_LANGUAGE_STANDARD = gnu99;
				GCC_NO_COMMON_BLOCKS = YES;
				GCC_WARN_64_TO_32_BIT_CONVERSION = YES;
				GCC_WARN_ABOUT_RETURN_TYPE = YES_ERROR;
				GCC_WARN_UNDECLARED_SELECTOR = YES;
				GCC_WARN_UNINITIALIZED_AUTOS = YES_AGGRESSIVE;
				GCC_WARN_UNUSED_FUNCTION = YES;
				GCC_WARN_UNUSED_VARIABLE = YES;
				IPHONEOS_DEPLOYMENT_TARGET = 10.2;
				MTL_ENABLE_DEBUG_INFO = NO;
				SDKROOT = iphoneos;
				SWIFT_OPTIMIZATION_LEVEL = "-Owholemodule";
				TARGETED_DEVICE_FAMILY = "1,2";
				VALIDATE_PRODUCT = YES;
			};
			name = Release;
		};
		C15A69D61FADF93A00902A77 /* Debug */ = {
			isa = XCBuildConfiguration;
			buildSettings = {
				ASSETCATALOG_COMPILER_APPICON_NAME = AppIcon;
				INFOPLIST_FILE = Programmer/Info.plist;
				LD_RUNPATH_SEARCH_PATHS = "$(inherited) @executable_path/Frameworks";
				PRODUCT_BUNDLE_IDENTIFIER = ekram.Programmer;
				PRODUCT_NAME = "$(TARGET_NAME)";
				SWIFT_VERSION = 3.0;
			};
			name = Debug;
		};
		C15A69D71FADF93A00902A77 /* Release */ = {
			isa = XCBuildConfiguration;
			buildSettings = {
				ASSETCATALOG_COMPILER_APPICON_NAME = AppIcon;
				INFOPLIST_FILE = Programmer/Info.plist;
				LD_RUNPATH_SEARCH_PATHS = "$(inherited) @executable_path/Frameworks";
				PRODUCT_BUNDLE_IDENTIFIER = ekram.Programmer;
				PRODUCT_NAME = "$(TARGET_NAME)";
				SWIFT_VERSION = 3.0;
			};
			name = Release;
		};
/* End XCBuildConfiguration section */

/* Begin XCConfigurationList section */
		C15A69BC1FADF93700902A77 /* Build configuration list for PBXProject "Programmer" */ = {
			isa = XCConfigurationList;
			buildConfigurations = (
				C15A69D31FADF93900902A77 /* Debug */,
				C15A69D41FADF93900902A77 /* Release */,
			);
			defaultConfigurationIsVisible = 0;
			defaultConfigurationName = Release;
		};
		C15A69D51FADF93A00902A77 /* Build configuration list for PBXNativeTarget "Programmer" */ = {
			isa = XCConfigurationList;
			buildConfigurations = (
				C15A69D61FADF93A00902A77 /* Debug */,
				C15A69D71FADF93A00902A77 /* Release */,
			);
			defaultConfigurationIsVisible = 0;
		};
/* End XCConfigurationList section */
	};
	rootObject = C15A69B91FADF93600902A77 /* Project object */;
}
